
Microsoft Visual Studio Solution File, Format Version 12.00
# Visual Studio Version 17
VisualStudioVersion = 17.14.36310.24 d17.14
MinimumVisualStudioVersion = 10.0.40219.1
Project("{FAE04EC0-301F-11D3-BF4B-00C04F79EFBC}") = "WindowsFormsApp1", "WindowsFormsApp1.csproj", "{9E0C8133-CF55-49F1-A0D1-7786F41312BC}"
EndProject
Global
	GlobalSection(SolutionConfigurationPlatforms) = preSolution
		Debug|Any CPU = Debug|Any CPU
		Release|Any CPU = Release|Any CPU
	EndGlobalSection
	GlobalSection(ProjectConfigurationPlatforms) = postSolution
		{9E0C8133-CF55-49F1-A0D1-7786F41312BC}.Debug|Any CPU.ActiveCfg = Debug|Any CPU
		{9E0C8133-CF55-49F1-A0D1-7786F41312BC}.Debug|Any CPU.Build.0 = Debug|Any CPU
		{9E0C8133-CF55-49F1-A0D1-7786F41312BC}.Release|Any CPU.ActiveCfg = Release|Any CPU
		{9E0C8133-CF55-49F1-A0D1-7786F41312BC}.Release|Any CPU.Build.0 = Release|Any CPU
	EndGlobalSection
	GlobalSection(SolutionProperties) = preSolution
		HideSolutionNode = FALSE
	EndGlobalSection
	GlobalSection(ExtensibilityGlobals) = postSolution
		SolutionGuid = {C860F367-CA5C-4D79-9244-7728D35DA242}
	EndGlobalSection
EndGlobal
